{
  "version": 2,
  "dependencies": {
    "net8.0": {
      "Avalonia": {
        "type": "Direct",
        "requested": "[11.3.2, )",
        "resolved": "11.3.2",
        "contentHash": "3w1v4/wEpHFq6WWVNyyrne2Jyz5bdQvnK3AW36rCto42L+AtdbnO/SG2SIqJ7ObXJl+Y3LXz2XDGx9Blzqduow==",
        "dependencies": {
          "Avalonia.BuildServices": "0.0.31",
          "Avalonia.Remote.Protocol": "11.3.2",
          "MicroCom.Runtime": "0.11.0"
        }
      },
      "Avalonia.Desktop": {
        "type": "Direct",
        "requested": "[11.3.2, )",
        "resolved": "11.3.2",
        "contentHash": "b2ZPZ60UN0Uib3ZxFrf+ixYiJTBFaXrpQAcXTSUKTDw0nAU29sbfjvdtpBkBd6+idWpNtI+GhOjf0Mw0v1ncQg==",
        "dependencies": {
          "Avalonia": "11.3.2",
          "Avalonia.Native": "11.3.2",
          "Avalonia.Skia": "11.3.2",
          "Avalonia.Win32": "11.3.2",
          "Avalonia.X11": "11.3.2"
        }
      },
      "Avalonia.Themes.Fluent": {
        "type": "Direct",
        "requested": "[11.3.2, )",
        "resolved": "11.3.2",
        "contentHash": "aRCCmFSumpHJOxsXbdUUc/AaJ/O1HLggfvSxtXYm84QCutuP4OCqgxP9Pka1hb1+2e/TQxfNqM/6KRKPt4SaRg==",
        "dependencies": {
          "Avalonia": "11.3.2"
        }
      },
      "CommunityToolkit.Mvvm": {
        "type": "Direct",
        "requested": "[8.4.2, )",
        "resolved": "8.4.2",
        "contentHash": "WadCzGEc2U+3e20avRLng4qNtt4zoOGWrdUISqJWrHe3/FSnrYjuM5Sb4yQb09LhkBXrrI4Zt3dLKgRMbItsrg=="
      },
      "Avalonia.Angle.Windows.Natives": {
        "type": "Transitive",
        "resolved": "2.1.25547.20250602",
        "contentHash": "ZL0VLc4s9rvNNFt19Pxm5UNAkmKNylugAwJPX9ulXZ6JWs/l6XZihPWWTyezaoNOVyEPU8YbURtW7XMAtqXH5A=="
      },
      "Avalonia.BuildServices": {
        "type": "Transitive",
        "resolved": "0.0.31",
        "contentHash": "KmCN6Hc+45q4OnF10ge450yVUvWuxU6bdQiyKqiSvrHKpahNrEdk0kG6Ip6GHk2SKOCttGQuA206JVdkldEENg=="
      },
      "Avalonia.FreeDesktop": {
        "type": "Transitive",
        "resolved": "11.3.2",
        "contentHash": "8laGOvPM83kB4xUqXGIRxN61Q5Ux/97URL7CU2Dizh4Nm7Ydj9+urKLTylk6dxWG7kZlo4e4k9G2aVUPkxTBGA==",
        "dependencies": {
          "Avalonia": "11.3.2",
          "Tmds.DBus.Protocol": "0.21.2"
        }
      },
      "Avalonia.Native": {
        "type": "Transitive",
        "resolved": "11.3.2",
        "contentHash": "dv3PVUcClxeDlNSoBjTdNuRYXdbzT3BgtpjEX/fv3pVreKfbh39wWQ+n4ecGh0FUKIlcj0X8BEaQ83t5eRsLnA==",
        "dependencies": {
          "Avalonia": "11.3.2"
        }
      },
      "Avalonia.Remote.Protocol": {
        "type": "Transitive",
        "resolved": "11.3.2",
        "contentHash": "my6aXePR+N7tl3xDKdYNH2ZFZWUSNmyeU37HIgYJX2fQ4IOBv7SeaWBEd1F/qVsIbOlYxaqE7qOPfeFFtdYq/A=="
      },
      "Avalonia.Skia": {
        "type": "Transitive",
        "resolved": "11.3.2",
        "contentHash": "PJIPSqkWbQpKyWPMEIDAWYQaJ8xpJASg2H75sGWCkthLj+mCG/DZxdHI6UsDAcxKu/ppSRkX88RGo117bRYfFg==",
        "dependencies": {
          "Avalonia": "11.3.2",
          "HarfBuzzSharp": "8.3.1.1",
          "HarfBuzzSharp.NativeAssets.Linux": "8.3.1.1",
          "HarfBuzzSharp.NativeAssets.WebAssembly": "8.3.1.1",
          "SkiaSharp": "2.88.9",
          "SkiaSharp.NativeAssets.Linux": "2.88.9",
          "SkiaSharp.NativeAssets.WebAssembly": "2.88.9"
        }
      },
      "Avalonia.Win32": {
        "type": "Transitive",
        "resolved": "11.3.2",
        "contentHash": "CpM6zBwDwMFKw9/iyj0d8jxXKLZena/HFblS9Oc7BmLH8qxe8icr7ZBI5rElebrxDA5O590dAtfWdtOvB1/AZQ==",
        "dependencies": {
          "Avalonia": "11.3.2",
          "Avalonia.Angle.Windows.Natives": "2.1.25547.20250602"
        }
      },
      "Avalonia.X11": {
        "type": "Transitive",
        "resolved": "11.3.2",
        "contentHash": "MEMXOIaAr6jMtl9BhJ8sj7Vz+z19dWfcryWksV35LsolQhQmjmzJPVcCppdnvm5HxkohUXB1qN1RqWN1cqRwBQ==",
        "dependencies": {
          "Avalonia": "11.3.2",
          "Avalonia.FreeDesktop": "11.3.2",
          "Avalonia.Skia": "11.3.2"
        }
      },
      "HarfBuzzSharp": {
        "type": "Transitive",
        "resolved": "8.3.1.1",
        "contentHash": "tLZN66oe/uiRPTZfrCU4i8ScVGwqHNh5MHrXj0yVf4l7Mz0FhTGnQ71RGySROTmdognAs0JtluHkL41pIabWuQ==",
        "dependencies": {
          "HarfBuzzSharp.NativeAssets.Win32": "8.3.1.1",
          "HarfBuzzSharp.NativeAssets.macOS": "8.3.1.1"
        }
      },
      "HarfBuzzSharp.NativeAssets.Linux": {
        "type": "Transitive",
        "resolved": "8.3.1.1",
        "contentHash": "3EZ1mpIiKWRLL5hUYA82ZHteeDIVaEA/Z0rA/wU6tjx6crcAkJnBPwDXZugBSfo8+J3EznvRJf49uMsqYfKrHg=="
      },
      "HarfBuzzSharp.NativeAssets.macOS": {
        "type": "Transitive",
        "resolved": "8.3.1.1",
        "contentHash": "jbtCsgftcaFLCA13tVKo5iWdElJScrulLTKJre36O4YQTIlwDtPPqhRZNk+Y0vv4D1gxbscasGRucUDfS44ofQ=="
      },
      "HarfBuzzSharp.NativeAssets.WebAssembly": {
        "type": "Transitive",
        "resolved": "8.3.1.1",
        "contentHash": "loJweK2u/mH/3C2zBa0ggJlITIszOkK64HLAZB7FUT670dTg965whLFYHDQo69NmC4+d9UN0icLC9VHidXaVCA=="
      },
      "HarfBuzzSharp.NativeAssets.Win32": {
        "type": "Transitive",
        "resolved": "8.3.1.1",
        "contentHash": "UsJtQsfAJoFDZrXc4hCUfRPMqccfKZ0iumJ/upcUjz/cmsTgVFGNEL5yaJWmkqsuFYdMWbj/En5/kS4PFl9hBA=="
      },
      "MicroCom.Runtime": {
        "type": "Transitive",
        "resolved": "0.11.0",
        "contentHash": "MEnrZ3UIiH40hjzMDsxrTyi8dtqB5ziv3iBeeU4bXsL/7NLSal9F1lZKpK+tfBRnUoDSdtcW3KufE4yhATOMCA=="
      },
      "SkiaSharp": {
        "type": "Transitive",
        "resolved": "2.88.9",
        "contentHash": "3MD5VHjXXieSHCleRLuaTXmL2pD0mB7CcOB1x2kA1I4bhptf4e3R27iM93264ZYuAq6mkUyX5XbcxnZvMJYc1Q==",
        "dependencies": {
          "SkiaSharp.NativeAssets.Win32": "2.88.9",
          "SkiaSharp.NativeAssets.macOS": "2.88.9"
        }
      },
      "SkiaSharp.NativeAssets.Linux": {
        "type": "Transitive",
        "resolved": "2.88.9",
        "contentHash": "cWSaJKVPWAaT/WIn9c8T5uT/l4ETwHxNJTkEOtNKjphNo8AW6TF9O32aRkxqw3l8GUdUo66Bu7EiqtFh/XG0Zg==",
        "dependencies": {
          "SkiaSharp": "2.88.9"
        }
      },
      "SkiaSharp.NativeAssets.macOS": {
        "type": "Transitive",
        "resolved": "2.88.9",
        "contentHash": "Nv5spmKc4505Ep7oUoJ5vp3KweFpeNqxpyGDWyeEPTX2uR6S6syXIm3gj75dM0YJz7NPvcix48mR5laqs8dPuA=="
      },
      "SkiaSharp.NativeAssets.WebAssembly": {
        "type": "Transitive",
        "resolved": "2.88.9",
        "contentHash": "kt06RccBHSnAs2wDYdBSfsjIDbY3EpsOVqnlDgKdgvyuRA8ZFDaHRdWNx1VHjGgYzmnFCGiTJBnXFl5BqGwGnA=="
      },
      "SkiaSharp.NativeAssets.Win32": {
        "type": "Transitive",
        "resolved": "2.88.9",
        "contentHash": "wb2kYgU7iy84nQLYZwMeJXixvK++GoIuECjU4ECaUKNuflyRlJKyiRhN1MAHswvlvzuvkrjRWlK0Za6+kYQK7w=="
      },
      "System.IO.Pipelines": {
        "type": "Transitive",
        "resolved": "8.0.0",
        "contentHash": "FHNOatmUq0sqJOkTx+UF/9YK1f180cnW5FVqnQMvYUN0elp6wFzbtPSiqbo1/ru8ICp43JM1i7kKkk6GsNGHlA=="
      },
      "Tmds.DBus.Protocol": {
        "type": "Transitive",
        "resolved": "0.21.2",
        "contentHash": "ScSMrUrrw8px4kK1Glh0fZv/HQUlg1078bNXNPfRPKQ3WbRzV9HpsydYEOgSoMK5LWICMf2bMwIFH0pGjxjcMA==",
        "dependencies": {
          "System.IO.Pipelines": "8.0.0"
        }
      },
      "vfxcomposer.ai.contracts": {
        "type": "Project"
      },
      "vfxcomposer.ai.providers": {
        "type": "Project",
        "dependencies": {
          "VFXComposer.AI.Contracts": "[1.0.0, )"
        }
      },
      "vfxcomposer.client": {
        "type": "Project",
        "dependencies": {
          "VFXComposer.Protocol": "[1.0.0, )"
        }
      },
      "vfxcomposer.protocol": {
        "type": "Project"
      }
    }
  }
}