{
  "version": 2,
  "dependencies": {
    "net8.0": {
      "vfxcomposer.ai.contracts": {
        "type": "Project"
      },
      "vfxcomposer.ai.providers": {
        "type": "Project",
        "dependencies": {
          "VFXComposer.AI.Contracts": "[1.0.0, )"
        }
      },
      "vfxcomposer.batch.core": {
        "type": "Project",
        "dependencies": {
          "VFXComposer.AI.Contracts": "[1.0.0, )",
          "VFXComposer.Jobs": "[1.0.0, )",
          "VFXComposer.Protocol": "[1.0.0, )"
        }
      },
      "vfxcomposer.jobs": {
        "type": "Project",
        "dependencies": {
          "VFXComposer.Protocol": "[1.0.0, )"
        }
      },
      "vfxcomposer.protocol": {
        "type": "Project"
      }
    }
  }
}