Microsoft Visual Studio Solution File, Format Version 12.00
# Visual Studio Version 17
VisualStudioVersion = 17.0.31903.59
MinimumVisualStudioVersion = 10.0.40219.1
Project("{FAE04EC0-301F-11D3-BF4B-00C04F79EFBC}") = "VFXComposer.Protocol", "src\VFXComposer.Protocol\VFXComposer.Protocol.csproj", "{D2E18509-733B-4CD3-A023-BE2876EE7D35}"
EndProject
Project("{FAE04EC0-301F-11D3-BF4B-00C04F79EFBC}") = "VFXComposer.Protocol.Tests", "src\VFXComposer.Protocol.Tests\VFXComposer.Protocol.Tests.csproj", "{6C55E219-2D91-44E4-B44A-1355E7ACAFB3}"
EndProject
Project("{FAE04EC0-301F-11D3-BF4B-00C04F79EFBC}") = "VFXComposer.AI.Contracts", "src\VFXComposer.AI.Contracts\VFXComposer.AI.Contracts.csproj", "{78F7CB9E-BE20-4A1C-8D0E-3C2D0719A101}"
EndProject
Project("{FAE04EC0-301F-11D3-BF4B-00C04F79EFBC}") = "VFXComposer.AI.Providers", "src\VFXComposer.AI.Providers\VFXComposer.AI.Providers.csproj", "{9A1FE1C3-84B7-425E-AB0B-7CB01C4D9F6B}"
EndProject
Project("{FAE04EC0-301F-11D3-BF4B-00C04F79EFBC}") = "VFXComposer.AI.Tests", "src\VFXComposer.AI.Tests\VFXComposer.AI.Tests.csproj", "{BBDAD0FD-166A-4B70-AF6A-048A34B0C04A}"
EndProject
Project("{FAE04EC0-301F-11D3-BF4B-00C04F79EFBC}") = "VFXComposer.AI.Tests.RevisionLockHost", "src\VFXComposer.AI.Tests\RevisionLockHost\VFXComposer.AI.Tests.RevisionLockHost.csproj", "{D8B1957E-C9DF-4AA6-B52F-CB7360B5A5D1}"
EndProject
Project("{FAE04EC0-301F-11D3-BF4B-00C04F79EFBC}") = "VFXComposer.Client", "src\VFXComposer.Client\VFXComposer.Client.csproj", "{9E924690-8C95-4FB9-B486-826E77D6CA5B}"
EndProject
Project("{FAE04EC0-301F-11D3-BF4B-00C04F79EFBC}") = "VFXComposer.Client.Tests", "src\VFXComposer.Client.Tests\VFXComposer.Client.Tests.csproj", "{96B6BD89-B210-4802-A39F-8BE2C63AE0CA}"
EndProject
Project("{FAE04EC0-301F-11D3-BF4B-00C04F79EFBC}") = "VFXComposer.Desktop", "apps\VFXComposer.Desktop\VFXComposer.Desktop.csproj", "{E5511A03-BE79-4D99-9F53-8AA5D12DAA07}"
EndProject
Project("{FAE04EC0-301F-11D3-BF4B-00C04F79EFBC}") = "VFXComposer.Desktop.Tests", "apps\VFXComposer.Desktop.Tests\VFXComposer.Desktop.Tests.csproj", "{81035E90-C3F1-4396-9508-1FDD5D19D257}"
EndProject
Project("{FAE04EC0-301F-11D3-BF4B-00C04F79EFBC}") = "VFXComposer.LocalE2E.Tests", "tests\VFXComposer.LocalE2E.Tests\VFXComposer.LocalE2E.Tests.csproj", "{F6112B0D-5841-4EEE-83D3-1B1BC2DDAA18}"
EndProject
Project("{FAE04EC0-301F-11D3-BF4B-00C04F79EFBC}") = "VFXComposer.AiLocalE2E.Tests", "tests\VFXComposer.AiLocalE2E.Tests\VFXComposer.AiLocalE2E.Tests.csproj", "{A5E21E2E-9B76-4D5E-8E61-4F51B5A5E2E5}"
EndProject
Project("{2150E333-8FDC-42A3-9474-1A3956D46DE8}") = "services", "services", "{0DC9C7A9-9126-4323-9B81-4A73D1927813}"
EndProject
Project("{FAE04EC0-301F-11D3-BF4B-00C04F79EFBC}") = "VFXComposer.Broker", "services\VFXComposer.Broker\VFXComposer.Broker.csproj", "{34D29A43-44E5-47E5-BC96-79BE620A3EA5}"
EndProject
Project("{FAE04EC0-301F-11D3-BF4B-00C04F79EFBC}") = "VFXComposer.UnityWorker", "services\VFXComposer.UnityWorker\VFXComposer.UnityWorker.csproj", "{5B7E96FE-063E-4847-89AE-76480C9F2DB1}"
EndProject
Project("{FAE04EC0-301F-11D3-BF4B-00C04F79EFBC}") = "VFXComposer.Broker.ServiceHost", "services\VFXComposer.Broker.ServiceHost\VFXComposer.Broker.ServiceHost.csproj", "{A7A9F3B5-84D2-444A-9AC9-099D83FB8FC0}"
EndProject
Project("{FAE04EC0-301F-11D3-BF4B-00C04F79EFBC}") = "VFXComposer.Broker.ServiceHost.Tests", "services\VFXComposer.Broker.ServiceHost.Tests\VFXComposer.Broker.ServiceHost.Tests.csproj", "{0EE47CFA-D1C7-40CC-9A93-8B8301570FF5}"
EndProject
Project("{FAE04EC0-301F-11D3-BF4B-00C04F79EFBC}") = "VFXComposer.Broker.Tests", "services\VFXComposer.Broker.Tests\VFXComposer.Broker.Tests.csproj", "{F78311DB-D409-48B4-9740-1CB9770563FB}"
EndProject
Project("{FAE04EC0-301F-11D3-BF4B-00C04F79EFBC}") = "VFXComposer.Broker.HandleProbe", "services\VFXComposer.Broker.HandleProbe\VFXComposer.Broker.HandleProbe.csproj", "{1E111EEE-A8E7-49DF-A293-B3EE9B7EAB75}"
EndProject
Project("{2150E333-8FDC-42A3-9474-1A3956D46DE8}") = "src", "src", "{8C5E80D4-39B1-4DE0-9757-E9A577017E62}"
EndProject
Project("{FAE04EC0-301F-11D3-BF4B-00C04F79EFBC}") = "VFXComposer.Jobs", "src\VFXComposer.Jobs\VFXComposer.Jobs.csproj", "{27DC6E92-30BF-487D-A0BA-BE1D98618AFA}"
EndProject
Project("{FAE04EC0-301F-11D3-BF4B-00C04F79EFBC}") = "VFXComposer.Jobs.Tests", "src\VFXComposer.Jobs.Tests\VFXComposer.Jobs.Tests.csproj", "{48733B92-C133-4BF0-B375-576EFDC7DF4C}"
EndProject
Project("{FAE04EC0-301F-11D3-BF4B-00C04F79EFBC}") = "VFXComposer.Batch.Core", "src\VFXComposer.Batch.Core\VFXComposer.Batch.Core.csproj", "{C2D41909-FE01-4111-AFC9-6FE66F9E1823}"
EndProject
Project("{2150E333-8FDC-42A3-9474-1A3956D46DE8}") = "apps", "apps", "{2FFCD876-D5B4-4729-BFFA-AA39060E6E19}"
EndProject
Project("{FAE04EC0-301F-11D3-BF4B-00C04F79EFBC}") = "VFXComposer.Cli", "apps\VFXComposer.Cli\VFXComposer.Cli.csproj", "{E887A8B0-5B73-4C5E-A618-225C1DC5D9E3}"
EndProject
Project("{FAE04EC0-301F-11D3-BF4B-00C04F79EFBC}") = "VFXComposer.Cli.Tests", "apps\VFXComposer.Cli.Tests\VFXComposer.Cli.Tests.csproj", "{AD635D23-81E3-4D5E-B9E4-C02042173383}"
EndProject
Project("{FAE04EC0-301F-11D3-BF4B-00C04F79EFBC}") = "VFXComposer.Mcp", "apps\VFXComposer.Mcp\VFXComposer.Mcp.csproj", "{3533DFEC-1255-4769-9C45-F20474D25808}"
EndProject
Project("{FAE04EC0-301F-11D3-BF4B-00C04F79EFBC}") = "VFXComposer.Mcp.Tests", "apps\VFXComposer.Mcp.Tests\VFXComposer.Mcp.Tests.csproj", "{1C15805D-0C8B-4C2A-9A8D-1603010CB7EB}"
EndProject
Global
	GlobalSection(SolutionConfigurationPlatforms) = preSolution
		Debug|Any CPU = Debug|Any CPU
		Release|Any CPU = Release|Any CPU
	EndGlobalSection
	GlobalSection(ProjectConfigurationPlatforms) = postSolution
		{D2E18509-733B-4CD3-A023-BE2876EE7D35}.Debug|Any CPU.ActiveCfg = Debug|Any CPU
		{D2E18509-733B-4CD3-A023-BE2876EE7D35}.Debug|Any CPU.Build.0 = Debug|Any CPU
		{D2E18509-733B-4CD3-A023-BE2876EE7D35}.Release|Any CPU.ActiveCfg = Release|Any CPU
		{D2E18509-733B-4CD3-A023-BE2876EE7D35}.Release|Any CPU.Build.0 = Release|Any CPU
		{6C55E219-2D91-44E4-B44A-1355E7ACAFB3}.Debug|Any CPU.ActiveCfg = Debug|Any CPU
		{6C55E219-2D91-44E4-B44A-1355E7ACAFB3}.Debug|Any CPU.Build.0 = Debug|Any CPU
		{6C55E219-2D91-44E4-B44A-1355E7ACAFB3}.Release|Any CPU.ActiveCfg = Release|Any CPU
		{6C55E219-2D91-44E4-B44A-1355E7ACAFB3}.Release|Any CPU.Build.0 = Release|Any CPU
		{78F7CB9E-BE20-4A1C-8D0E-3C2D0719A101}.Debug|Any CPU.ActiveCfg = Debug|Any CPU
		{78F7CB9E-BE20-4A1C-8D0E-3C2D0719A101}.Debug|Any CPU.Build.0 = Debug|Any CPU
		{78F7CB9E-BE20-4A1C-8D0E-3C2D0719A101}.Release|Any CPU.ActiveCfg = Release|Any CPU
		{78F7CB9E-BE20-4A1C-8D0E-3C2D0719A101}.Release|Any CPU.Build.0 = Release|Any CPU
		{9A1FE1C3-84B7-425E-AB0B-7CB01C4D9F6B}.Debug|Any CPU.ActiveCfg = Debug|Any CPU
		{9A1FE1C3-84B7-425E-AB0B-7CB01C4D9F6B}.Debug|Any CPU.Build.0 = Debug|Any CPU
		{9A1FE1C3-84B7-425E-AB0B-7CB01C4D9F6B}.Release|Any CPU.ActiveCfg = Release|Any CPU
		{9A1FE1C3-84B7-425E-AB0B-7CB01C4D9F6B}.Release|Any CPU.Build.0 = Release|Any CPU
		{BBDAD0FD-166A-4B70-AF6A-048A34B0C04A}.Debug|Any CPU.ActiveCfg = Debug|Any CPU
		{BBDAD0FD-166A-4B70-AF6A-048A34B0C04A}.Debug|Any CPU.Build.0 = Debug|Any CPU
		{BBDAD0FD-166A-4B70-AF6A-048A34B0C04A}.Release|Any CPU.ActiveCfg = Release|Any CPU
		{BBDAD0FD-166A-4B70-AF6A-048A34B0C04A}.Release|Any CPU.Build.0 = Release|Any CPU
		{D8B1957E-C9DF-4AA6-B52F-CB7360B5A5D1}.Debug|Any CPU.ActiveCfg = Debug|Any CPU
		{D8B1957E-C9DF-4AA6-B52F-CB7360B5A5D1}.Debug|Any CPU.Build.0 = Debug|Any CPU
		{D8B1957E-C9DF-4AA6-B52F-CB7360B5A5D1}.Release|Any CPU.ActiveCfg = Release|Any CPU
		{D8B1957E-C9DF-4AA6-B52F-CB7360B5A5D1}.Release|Any CPU.Build.0 = Release|Any CPU
		{9E924690-8C95-4FB9-B486-826E77D6CA5B}.Debug|Any CPU.ActiveCfg = Debug|Any CPU
		{9E924690-8C95-4FB9-B486-826E77D6CA5B}.Debug|Any CPU.Build.0 = Debug|Any CPU
		{9E924690-8C95-4FB9-B486-826E77D6CA5B}.Release|Any CPU.ActiveCfg = Release|Any CPU
		{9E924690-8C95-4FB9-B486-826E77D6CA5B}.Release|Any CPU.Build.0 = Release|Any CPU
		{96B6BD89-B210-4802-A39F-8BE2C63AE0CA}.Debug|Any CPU.ActiveCfg = Debug|Any CPU
		{96B6BD89-B210-4802-A39F-8BE2C63AE0CA}.Debug|Any CPU.Build.0 = Debug|Any CPU
		{96B6BD89-B210-4802-A39F-8BE2C63AE0CA}.Release|Any CPU.ActiveCfg = Release|Any CPU
		{96B6BD89-B210-4802-A39F-8BE2C63AE0CA}.Release|Any CPU.Build.0 = Release|Any CPU
		{E5511A03-BE79-4D99-9F53-8AA5D12DAA07}.Debug|Any CPU.ActiveCfg = Debug|Any CPU
		{E5511A03-BE79-4D99-9F53-8AA5D12DAA07}.Debug|Any CPU.Build.0 = Debug|Any CPU
		{E5511A03-BE79-4D99-9F53-8AA5D12DAA07}.Release|Any CPU.ActiveCfg = Release|Any CPU
		{E5511A03-BE79-4D99-9F53-8AA5D12DAA07}.Release|Any CPU.Build.0 = Release|Any CPU
		{81035E90-C3F1-4396-9508-1FDD5D19D257}.Debug|Any CPU.ActiveCfg = Debug|Any CPU
		{81035E90-C3F1-4396-9508-1FDD5D19D257}.Debug|Any CPU.Build.0 = Debug|Any CPU
		{81035E90-C3F1-4396-9508-1FDD5D19D257}.Release|Any CPU.ActiveCfg = Release|Any CPU
		{81035E90-C3F1-4396-9508-1FDD5D19D257}.Release|Any CPU.Build.0 = Release|Any CPU
		{F6112B0D-5841-4EEE-83D3-1B1BC2DDAA18}.Debug|Any CPU.ActiveCfg = Debug|Any CPU
		{F6112B0D-5841-4EEE-83D3-1B1BC2DDAA18}.Debug|Any CPU.Build.0 = Debug|Any CPU
		{F6112B0D-5841-4EEE-83D3-1B1BC2DDAA18}.Release|Any CPU.ActiveCfg = Release|Any CPU
		{F6112B0D-5841-4EEE-83D3-1B1BC2DDAA18}.Release|Any CPU.Build.0 = Release|Any CPU
		{A5E21E2E-9B76-4D5E-8E61-4F51B5A5E2E5}.Debug|Any CPU.ActiveCfg = Debug|Any CPU
		{A5E21E2E-9B76-4D5E-8E61-4F51B5A5E2E5}.Debug|Any CPU.Build.0 = Debug|Any CPU
		{A5E21E2E-9B76-4D5E-8E61-4F51B5A5E2E5}.Release|Any CPU.ActiveCfg = Release|Any CPU
		{A5E21E2E-9B76-4D5E-8E61-4F51B5A5E2E5}.Release|Any CPU.Build.0 = Release|Any CPU
		{34D29A43-44E5-47E5-BC96-79BE620A3EA5}.Debug|Any CPU.ActiveCfg = Debug|Any CPU
		{34D29A43-44E5-47E5-BC96-79BE620A3EA5}.Debug|Any CPU.Build.0 = Debug|Any CPU
		{34D29A43-44E5-47E5-BC96-79BE620A3EA5}.Release|Any CPU.ActiveCfg = Release|Any CPU
		{34D29A43-44E5-47E5-BC96-79BE620A3EA5}.Release|Any CPU.Build.0 = Release|Any CPU
		{5B7E96FE-063E-4847-89AE-76480C9F2DB1}.Debug|Any CPU.ActiveCfg = Debug|Any CPU
		{5B7E96FE-063E-4847-89AE-76480C9F2DB1}.Debug|Any CPU.Build.0 = Debug|Any CPU
		{5B7E96FE-063E-4847-89AE-76480C9F2DB1}.Release|Any CPU.ActiveCfg = Release|Any CPU
		{5B7E96FE-063E-4847-89AE-76480C9F2DB1}.Release|Any CPU.Build.0 = Release|Any CPU
		{A7A9F3B5-84D2-444A-9AC9-099D83FB8FC0}.Debug|Any CPU.ActiveCfg = Debug|Any CPU
		{A7A9F3B5-84D2-444A-9AC9-099D83FB8FC0}.Debug|Any CPU.Build.0 = Debug|Any CPU
		{A7A9F3B5-84D2-444A-9AC9-099D83FB8FC0}.Release|Any CPU.ActiveCfg = Release|Any CPU
		{A7A9F3B5-84D2-444A-9AC9-099D83FB8FC0}.Release|Any CPU.Build.0 = Release|Any CPU
		{0EE47CFA-D1C7-40CC-9A93-8B8301570FF5}.Debug|Any CPU.ActiveCfg = Debug|Any CPU
		{0EE47CFA-D1C7-40CC-9A93-8B8301570FF5}.Debug|Any CPU.Build.0 = Debug|Any CPU
		{0EE47CFA-D1C7-40CC-9A93-8B8301570FF5}.Release|Any CPU.ActiveCfg = Release|Any CPU
		{0EE47CFA-D1C7-40CC-9A93-8B8301570FF5}.Release|Any CPU.Build.0 = Release|Any CPU
		{F78311DB-D409-48B4-9740-1CB9770563FB}.Debug|Any CPU.ActiveCfg = Debug|Any CPU
		{F78311DB-D409-48B4-9740-1CB9770563FB}.Debug|Any CPU.Build.0 = Debug|Any CPU
		{F78311DB-D409-48B4-9740-1CB9770563FB}.Release|Any CPU.ActiveCfg = Release|Any CPU
		{F78311DB-D409-48B4-9740-1CB9770563FB}.Release|Any CPU.Build.0 = Release|Any CPU
		{1E111EEE-A8E7-49DF-A293-B3EE9B7EAB75}.Debug|Any CPU.ActiveCfg = Debug|Any CPU
		{1E111EEE-A8E7-49DF-A293-B3EE9B7EAB75}.Debug|Any CPU.Build.0 = Debug|Any CPU
		{1E111EEE-A8E7-49DF-A293-B3EE9B7EAB75}.Release|Any CPU.ActiveCfg = Release|Any CPU
		{1E111EEE-A8E7-49DF-A293-B3EE9B7EAB75}.Release|Any CPU.Build.0 = Release|Any CPU
		{27DC6E92-30BF-487D-A0BA-BE1D98618AFA}.Debug|Any CPU.ActiveCfg = Debug|Any CPU
		{27DC6E92-30BF-487D-A0BA-BE1D98618AFA}.Debug|Any CPU.Build.0 = Debug|Any CPU
		{27DC6E92-30BF-487D-A0BA-BE1D98618AFA}.Release|Any CPU.ActiveCfg = Release|Any CPU
		{27DC6E92-30BF-487D-A0BA-BE1D98618AFA}.Release|Any CPU.Build.0 = Release|Any CPU
		{48733B92-C133-4BF0-B375-576EFDC7DF4C}.Debug|Any CPU.ActiveCfg = Debug|Any CPU
		{48733B92-C133-4BF0-B375-576EFDC7DF4C}.Debug|Any CPU.Build.0 = Debug|Any CPU
		{48733B92-C133-4BF0-B375-576EFDC7DF4C}.Release|Any CPU.ActiveCfg = Release|Any CPU
		{48733B92-C133-4BF0-B375-576EFDC7DF4C}.Release|Any CPU.Build.0 = Release|Any CPU
		{C2D41909-FE01-4111-AFC9-6FE66F9E1823}.Debug|Any CPU.ActiveCfg = Debug|Any CPU
		{C2D41909-FE01-4111-AFC9-6FE66F9E1823}.Debug|Any CPU.Build.0 = Debug|Any CPU
		{C2D41909-FE01-4111-AFC9-6FE66F9E1823}.Release|Any CPU.ActiveCfg = Release|Any CPU
		{C2D41909-FE01-4111-AFC9-6FE66F9E1823}.Release|Any CPU.Build.0 = Release|Any CPU
		{E887A8B0-5B73-4C5E-A618-225C1DC5D9E3}.Debug|Any CPU.ActiveCfg = Debug|Any CPU
		{E887A8B0-5B73-4C5E-A618-225C1DC5D9E3}.Debug|Any CPU.Build.0 = Debug|Any CPU
		{E887A8B0-5B73-4C5E-A618-225C1DC5D9E3}.Release|Any CPU.ActiveCfg = Release|Any CPU
		{E887A8B0-5B73-4C5E-A618-225C1DC5D9E3}.Release|Any CPU.Build.0 = Release|Any CPU
		{AD635D23-81E3-4D5E-B9E4-C02042173383}.Debug|Any CPU.ActiveCfg = Debug|Any CPU
		{AD635D23-81E3-4D5E-B9E4-C02042173383}.Debug|Any CPU.Build.0 = Debug|Any CPU
		{AD635D23-81E3-4D5E-B9E4-C02042173383}.Release|Any CPU.ActiveCfg = Release|Any CPU
		{AD635D23-81E3-4D5E-B9E4-C02042173383}.Release|Any CPU.Build.0 = Release|Any CPU
		{3533DFEC-1255-4769-9C45-F20474D25808}.Debug|Any CPU.ActiveCfg = Debug|Any CPU
		{3533DFEC-1255-4769-9C45-F20474D25808}.Debug|Any CPU.Build.0 = Debug|Any CPU
		{3533DFEC-1255-4769-9C45-F20474D25808}.Release|Any CPU.ActiveCfg = Release|Any CPU
		{3533DFEC-1255-4769-9C45-F20474D25808}.Release|Any CPU.Build.0 = Release|Any CPU
		{1C15805D-0C8B-4C2A-9A8D-1603010CB7EB}.Debug|Any CPU.ActiveCfg = Debug|Any CPU
		{1C15805D-0C8B-4C2A-9A8D-1603010CB7EB}.Debug|Any CPU.Build.0 = Debug|Any CPU
		{1C15805D-0C8B-4C2A-9A8D-1603010CB7EB}.Release|Any CPU.ActiveCfg = Release|Any CPU
		{1C15805D-0C8B-4C2A-9A8D-1603010CB7EB}.Release|Any CPU.Build.0 = Release|Any CPU
	EndGlobalSection
	GlobalSection(SolutionProperties) = preSolution
		HideSolutionNode = FALSE
	EndGlobalSection
	GlobalSection(NestedProjects) = preSolution
		{34D29A43-44E5-47E5-BC96-79BE620A3EA5} = {0DC9C7A9-9126-4323-9B81-4A73D1927813}
		{5B7E96FE-063E-4847-89AE-76480C9F2DB1} = {0DC9C7A9-9126-4323-9B81-4A73D1927813}
		{A7A9F3B5-84D2-444A-9AC9-099D83FB8FC0} = {0DC9C7A9-9126-4323-9B81-4A73D1927813}
		{0EE47CFA-D1C7-40CC-9A93-8B8301570FF5} = {0DC9C7A9-9126-4323-9B81-4A73D1927813}
		{F78311DB-D409-48B4-9740-1CB9770563FB} = {0DC9C7A9-9126-4323-9B81-4A73D1927813}
		{1E111EEE-A8E7-49DF-A293-B3EE9B7EAB75} = {0DC9C7A9-9126-4323-9B81-4A73D1927813}
		{27DC6E92-30BF-487D-A0BA-BE1D98618AFA} = {8C5E80D4-39B1-4DE0-9757-E9A577017E62}
		{48733B92-C133-4BF0-B375-576EFDC7DF4C} = {8C5E80D4-39B1-4DE0-9757-E9A577017E62}
		{C2D41909-FE01-4111-AFC9-6FE66F9E1823} = {8C5E80D4-39B1-4DE0-9757-E9A577017E62}
		{E887A8B0-5B73-4C5E-A618-225C1DC5D9E3} = {2FFCD876-D5B4-4729-BFFA-AA39060E6E19}
		{AD635D23-81E3-4D5E-B9E4-C02042173383} = {2FFCD876-D5B4-4729-BFFA-AA39060E6E19}
		{3533DFEC-1255-4769-9C45-F20474D25808} = {2FFCD876-D5B4-4729-BFFA-AA39060E6E19}
		{1C15805D-0C8B-4C2A-9A8D-1603010CB7EB} = {2FFCD876-D5B4-4729-BFFA-AA39060E6E19}
	EndGlobalSection
EndGlobal
